
Microsoft Visual Studio Solution File, Format Version 12.00
# Visual Studio Version 17
VisualStudioVersion = 17.2.32630.192
MinimumVisualStudioVersion = 10.0.40219.1
Project("{FAE04EC0-301F-11D3-BF4B-00C04F79EFBC}") = "HealthyAus", "HealthyAus.csproj", "{D98660A0-3A01-4EE3-9B74-2FDFC9D5539A}"
EndProject
Global
	GlobalSection(SolutionConfigurationPlatforms) = preSolution
		Debug|Any CPU = Debug|Any CPU
		Release|Any CPU = Release|Any CPU
	EndGlobalSection
	GlobalSection(ProjectConfigurationPlatforms) = postSolution
		{D98660A0-3A01-4EE3-9B74-2FDFC9D5539A}.Debug|Any CPU.ActiveCfg = Debug|Any CPU
		{D98660A0-3A01-4EE3-9B74-2FDFC9D5539A}.Debug|Any CPU.Build.0 = Debug|Any CPU
		{D98660A0-3A01-4EE3-9B74-2FDFC9D5539A}.Release|Any CPU.ActiveCfg = Release|Any CPU
		{D98660A0-3A01-4EE3-9B74-2FDFC9D5539A}.Release|Any CPU.Build.0 = Release|Any CPU
	EndGlobalSection
	GlobalSection(SolutionProperties) = preSolution
		HideSolutionNode = FALSE
	EndGlobalSection
	GlobalSection(ExtensibilityGlobals) = postSolution
		SolutionGuid = {DFDF0BF0-49B7-4523-9220-36448F5EFF50}
	EndGlobalSection
EndGlobal
